
Microsoft Visual Studio Solution File, Format Version 12.00
# Visual Studio Version 16
VisualStudioVersion = 16.0.29519.181
MinimumVisualStudioVersion = 10.0.40219.1
Project("{FAE04EC0-301F-11D3-BF4B-00C04F79EFBC}") = "MusaAirline", "MusaAirline\MusaAirline.csproj", "{AEE952C2-35AA-4A39-95DE-EEBCB3D17A5D}"
EndProject
Project("{2150E333-8FDC-42A3-9474-1A3956D46DE8}") = "Solution Items", "Solution Items", "{D1EC8722-7C0F-442B-B805-443DB0287E9D}"
	ProjectSection(SolutionItems) = preProject
		.editorconfig = .editorconfig
	EndProjectSection
EndProject
Global
	GlobalSection(SolutionConfigurationPlatforms) = preSolution
		Debug|Any CPU = Debug|Any CPU
		Release|Any CPU = Release|Any CPU
	EndGlobalSection
	GlobalSection(ProjectConfigurationPlatforms) = postSolution
		{AEE952C2-35AA-4A39-95DE-EEBCB3D17A5D}.Debug|Any CPU.ActiveCfg = Debug|Any CPU
		{AEE952C2-35AA-4A39-95DE-EEBCB3D17A5D}.Debug|Any CPU.Build.0 = Debug|Any CPU
		{AEE952C2-35AA-4A39-95DE-EEBCB3D17A5D}.Release|Any CPU.ActiveCfg = Release|Any CPU
		{AEE952C2-35AA-4A39-95DE-EEBCB3D17A5D}.Release|Any CPU.Build.0 = Release|Any CPU
	EndGlobalSection
	GlobalSection(SolutionProperties) = preSolution
		HideSolutionNode = FALSE
	EndGlobalSection
	GlobalSection(ExtensibilityGlobals) = postSolution
		SolutionGuid = {01283DEB-6596-4B10-991E-4A6E84E8F41B}
	EndGlobalSection
EndGlobal
